
Microsoft Visual Studio Solution File, Format Version 12.00
# Visual Studio Version 17
VisualStudioVersion = 17.5.33530.505
MinimumVisualStudioVersion = 10.0.40219.1
Project("{FAE04EC0-301F-11D3-BF4B-00C04F79EFBC}") = "NZWalks.API", "NZWalks.API\NZWalks.API.csproj", "{4BEFF0F2-9A8B-444C-B226-9B0C661CC8EB}"
EndProject
Global
	GlobalSection(SolutionConfigurationPlatforms) = preSolution
		Debug|Any CPU = Debug|Any CPU
		Release|Any CPU = Release|Any CPU
	EndGlobalSection
	GlobalSection(ProjectConfigurationPlatforms) = postSolution
		{4BEFF0F2-9A8B-444C-B226-9B0C661CC8EB}.Debug|Any CPU.ActiveCfg = Debug|Any CPU
		{4BEFF0F2-9A8B-444C-B226-9B0C661CC8EB}.Debug|Any CPU.Build.0 = Debug|Any CPU
		{4BEFF0F2-9A8B-444C-B226-9B0C661CC8EB}.Release|Any CPU.ActiveCfg = Release|Any CPU
		{4BEFF0F2-9A8B-444C-B226-9B0C661CC8EB}.Release|Any CPU.Build.0 = Release|Any CPU
	EndGlobalSection
	GlobalSection(SolutionProperties) = preSolution
		HideSolutionNode = FALSE
	EndGlobalSection
	GlobalSection(ExtensibilityGlobals) = postSolution
		SolutionGuid = {584CD54A-368D-43C5-9432-1CE80F2A7864}
	EndGlobalSection
EndGlobal
